
Microsoft Visual Studio Solution File, Format Version 12.00
# Visual Studio Version 17
VisualStudioVersion = 17.0.31903.59
MinimumVisualStudioVersion = 10.0.40219.1
Project("{FAE04EC0-301F-11D3-BF4B-00C04F79EFBC}") = "NetAuth.ArchitectureTests", "NetAuth.ArchitectureTests\NetAuth.ArchitectureTests.csproj", "{B7AE53B6-0AA7-4926-8211-A304F7ABD484}"
EndProject
Project("{FAE04EC0-301F-11D3-BF4B-00C04F79EFBC}") = "NetAuth", "src\NetAuth\NetAuth.csproj", "{1C46B564-3349-4DD9-96E3-49F58A1A487E}"
EndProject
Global
	GlobalSection(SolutionConfigurationPlatforms) = preSolution
		Debug|Any CPU = Debug|Any CPU
		Release|Any CPU = Release|Any CPU
	EndGlobalSection
	GlobalSection(SolutionProperties) = preSolution
		HideSolutionNode = FALSE
	EndGlobalSection
	GlobalSection(ProjectConfigurationPlatforms) = postSolution
		{B7AE53B6-0AA7-4926-8211-A304F7ABD484}.Debug|Any CPU.ActiveCfg = Debug|Any CPU
		{B7AE53B6-0AA7-4926-8211-A304F7ABD484}.Debug|Any CPU.Build.0 = Debug|Any CPU
		{B7AE53B6-0AA7-4926-8211-A304F7ABD484}.Release|Any CPU.ActiveCfg = Release|Any CPU
		{B7AE53B6-0AA7-4926-8211-A304F7ABD484}.Release|Any CPU.Build.0 = Release|Any CPU
		{1C46B564-3349-4DD9-96E3-49F58A1A487E}.Debug|Any CPU.ActiveCfg = Debug|Any CPU
		{1C46B564-3349-4DD9-96E3-49F58A1A487E}.Debug|Any CPU.Build.0 = Debug|Any CPU
		{1C46B564-3349-4DD9-96E3-49F58A1A487E}.Release|Any CPU.ActiveCfg = Release|Any CPU
		{1C46B564-3349-4DD9-96E3-49F58A1A487E}.Release|Any CPU.Build.0 = Release|Any CPU
	EndGlobalSection
EndGlobal
